
Microsoft Visual Studio Solution File, Format Version 12.00
# Visual Studio 2013
VisualStudioVersion = 12.0.31101.0
MinimumVisualStudioVersion = 10.0.40219.1
Project("{FAE04EC0-301F-11D3-BF4B-00C04F79EFBC}") = "DES3PassLib", "DES3PassLib\DES3PassLib.csproj", "{2F8AE21C-3DA7-4F7A-9017-C4A83B465A4C}"
EndProject
Project("{FAE04EC0-301F-11D3-BF4B-00C04F79EFBC}") = "TestDESCBC3PassAuthentication", "TestDES3PassConsole\TestDESCBC3PassAuthentication.csproj", "{1CEAAFC1-5530-46DD-8C58-5BEA8ACFB7A2}"
EndProject
Global
	GlobalSection(SolutionConfigurationPlatforms) = preSolution
		Debug|Any CPU = Debug|Any CPU
		Release|Any CPU = Release|Any CPU
	EndGlobalSection
	GlobalSection(ProjectConfigurationPlatforms) = postSolution
		{2F8AE21C-3DA7-4F7A-9017-C4A83B465A4C}.Debug|Any CPU.ActiveCfg = Debug|Any CPU
		{2F8AE21C-3DA7-4F7A-9017-C4A83B465A4C}.Debug|Any CPU.Build.0 = Debug|Any CPU
		{2F8AE21C-3DA7-4F7A-9017-C4A83B465A4C}.Release|Any CPU.ActiveCfg = Release|Any CPU
		{2F8AE21C-3DA7-4F7A-9017-C4A83B465A4C}.Release|Any CPU.Build.0 = Release|Any CPU
		{1CEAAFC1-5530-46DD-8C58-5BEA8ACFB7A2}.Debug|Any CPU.ActiveCfg = Debug|Any CPU
		{1CEAAFC1-5530-46DD-8C58-5BEA8ACFB7A2}.Debug|Any CPU.Build.0 = Debug|Any CPU
		{1CEAAFC1-5530-46DD-8C58-5BEA8ACFB7A2}.Release|Any CPU.ActiveCfg = Release|Any CPU
		{1CEAAFC1-5530-46DD-8C58-5BEA8ACFB7A2}.Release|Any CPU.Build.0 = Release|Any CPU
	EndGlobalSection
	GlobalSection(SolutionProperties) = preSolution
		HideSolutionNode = FALSE
	EndGlobalSection
EndGlobal
